
Microsoft Visual Studio Solution File, Format Version 12.00
# Visual Studio Version 17
VisualStudioVersion = 17.7.34221.43
MinimumVisualStudioVersion = 10.0.40219.1
Project("{FAE04EC0-301F-11D3-BF4B-00C04F79EFBC}") = "Challenge_01", "Challenge_01\Challenge_01.csproj", "{99D88163-A9FE-4DE7-80EF-6638E3DF3379}"
EndProject
Global
	GlobalSection(SolutionConfigurationPlatforms) = preSolution
		Debug|Any CPU = Debug|Any CPU
		Release|Any CPU = Release|Any CPU
	EndGlobalSection
	GlobalSection(ProjectConfigurationPlatforms) = postSolution
		{99D88163-A9FE-4DE7-80EF-6638E3DF3379}.Debug|Any CPU.ActiveCfg = Debug|Any CPU
		{99D88163-A9FE-4DE7-80EF-6638E3DF3379}.Debug|Any CPU.Build.0 = Debug|Any CPU
		{99D88163-A9FE-4DE7-80EF-6638E3DF3379}.Release|Any CPU.ActiveCfg = Release|Any CPU
		{99D88163-A9FE-4DE7-80EF-6638E3DF3379}.Release|Any CPU.Build.0 = Release|Any CPU
	EndGlobalSection
	GlobalSection(SolutionProperties) = preSolution
		HideSolutionNode = FALSE
	EndGlobalSection
	GlobalSection(ExtensibilityGlobals) = postSolution
		SolutionGuid = {B02A852F-F7EC-409F-8E77-464D39975321}
	EndGlobalSection
EndGlobal
